
Microsoft Visual Studio Solution File, Format Version 12.00
# Visual Studio Version 16
VisualStudioVersion = 16.0.31624.102
MinimumVisualStudioVersion = 10.0.40219.1
Project("{FAE04EC0-301F-11D3-BF4B-00C04F79EFBC}") = "Assignment1", "Assignment1\Assignment1.csproj", "{88B45517-8FC1-4D84-8718-A14764E41E3A}"
EndProject
Global
	GlobalSection(SolutionConfigurationPlatforms) = preSolution
		Debug|Any CPU = Debug|Any CPU
		Release|Any CPU = Release|Any CPU
	EndGlobalSection
	GlobalSection(ProjectConfigurationPlatforms) = postSolution
		{88B45517-8FC1-4D84-8718-A14764E41E3A}.Debug|Any CPU.ActiveCfg = Debug|Any CPU
		{88B45517-8FC1-4D84-8718-A14764E41E3A}.Debug|Any CPU.Build.0 = Debug|Any CPU
		{88B45517-8FC1-4D84-8718-A14764E41E3A}.Release|Any CPU.ActiveCfg = Release|Any CPU
		{88B45517-8FC1-4D84-8718-A14764E41E3A}.Release|Any CPU.Build.0 = Release|Any CPU
	EndGlobalSection
	GlobalSection(SolutionProperties) = preSolution
		HideSolutionNode = FALSE
	EndGlobalSection
	GlobalSection(ExtensibilityGlobals) = postSolution
		SolutionGuid = {399BEE02-EFAF-41AE-8F53-1EB0ABDF4F9F}
	EndGlobalSection
EndGlobal
